// !$*UTF8*$!
{
	archiveVersion = 1;
	classes = {
	};
	objectVersion = 46;
	objects = {

/* Begin PBXBuildFile section */
		E83F7A1B1A93F42E00200843 /* libGSConfiguration-iOS.a in Frameworks */ = {isa = PBXBuildFile; fileRef = E83F7A101A93F42E00200843 /* libGSConfiguration-iOS.a */; };
		E83F7A2A1A93F51D00200843 /* GSConfiguration.m in Sources */ = {isa = PBXBuildFile; fileRef = E83F79F71A93F3F300200843 /* GSConfiguration.m */; };
		E83F7A2E1A93F51D00200843 /* GSConfigurationManager.m in Sources */ = {isa = PBXBuildFile; fileRef = E83F79FB1A93F3F300200843 /* GSConfigurationManager.m */; };
		E83F7A301A93F51D00200843 /* GSDictionarySource.m in Sources */ = {isa = PBXBuildFile; fileRef = E83F79FD1A93F3F300200843 /* GSDictionarySource.m */; };
		E83F7A341A93F51D00200843 /* GSRemoteSource.m in Sources */ = {isa = PBXBuildFile; fileRef = E83F7A011A93F3F300200843 /* GSRemoteSource.m */; };
		E83F7A361A93F51D00200843 /* GSSource.m in Sources */ = {isa = PBXBuildFile; fileRef = E83F7A031A93F3F300200843 /* GSSource.m */; };
		E83F7A3B1A93F51D00200843 /* GSUserDefaultsStore.m in Sources */ = {isa = PBXBuildFile; fileRef = E83F7A081A93F3F300200843 /* GSUserDefaultsStore.m */; };
		E83F7A3D1A93F51D00200843 /* GSURLStringTransformer.m in Sources */ = {isa = PBXBuildFile; fileRef = E83F7A0B1A93F3F300200843 /* GSURLStringTransformer.m */; };
		E83F7A531A94012100200843 /* GSConfigurationTest.m in Sources */ = {isa = PBXBuildFile; fileRef = 6003F5BB195388D20070C39A /* GSConfigurationTest.m */; };
		E8D8CF4C1A9886EC00944D37 /* GSMARTNSObject.m in Sources */ = {isa = PBXBuildFile; fileRef = E8D8CF401A9886EC00944D37 /* GSMARTNSObject.m */; settings = {COMPILER_FLAGS = "-fno-objc-arc"; }; };
		E8D8CF4D1A9886EC00944D37 /* GSRTIvar.m in Sources */ = {isa = PBXBuildFile; fileRef = E8D8CF421A9886EC00944D37 /* GSRTIvar.m */; settings = {COMPILER_FLAGS = "-fno-objc-arc"; }; };
		E8D8CF4E1A9886EC00944D37 /* GSRTMethod.m in Sources */ = {isa = PBXBuildFile; fileRef = E8D8CF441A9886EC00944D37 /* GSRTMethod.m */; settings = {COMPILER_FLAGS = "-fno-objc-arc"; }; };
		E8D8CF4F1A9886EC00944D37 /* GSRTProperty.m in Sources */ = {isa = PBXBuildFile; fileRef = E8D8CF461A9886EC00944D37 /* GSRTProperty.m */; settings = {COMPILER_FLAGS = "-fno-objc-arc"; }; };
		E8D8CF501A9886EC00944D37 /* GSRTProtocol.m in Sources */ = {isa = PBXBuildFile; fileRef = E8D8CF481A9886EC00944D37 /* GSRTProtocol.m */; settings = {COMPILER_FLAGS = "-fno-objc-arc"; }; };
		E8D8CF511A9886EC00944D37 /* GSRTUnregisteredClass.m in Sources */ = {isa = PBXBuildFile; fileRef = E8D8CF4A1A9886EC00944D37 /* GSRTUnregisteredClass.m */; settings = {COMPILER_FLAGS = "-fno-objc-arc"; }; };
		E8FE6E8C1A97DCB100A5675F /* GSURLStringTransformerTest.m in Sources */ = {isa = PBXBuildFile; fileRef = 123EF801F3EC3E75D2503DB1 /* GSURLStringTransformerTest.m */; };
		E8FE6E911A97E1FB00A5675F /* SampleConfig.plist in Resources */ = {isa = PBXBuildFile; fileRef = 123EF1F3A624E2B250520E23 /* SampleConfig.plist */; };
/* End PBXBuildFile section */

/* Begin PBXContainerItemProxy section */
		E83F7A1C1A93F42E00200843 /* PBXContainerItemProxy */ = {
			isa = PBXContainerItemProxy;
			containerPortal = 6003F582195388D10070C39A /* Project object */;
			proxyType = 1;
			remoteGlobalIDString = E83F7A0F1A93F42E00200843;
			remoteInfo = GSConfiguration;
		};
/* End PBXContainerItemProxy section */

/* Begin PBXCopyFilesBuildPhase section */
		E83F7A0E1A93F42E00200843 /* CopyFiles */ = {
			isa = PBXCopyFilesBuildPhase;
			buildActionMask = 2147483647;
			dstPath = "include/$(PRODUCT_NAME)";
			dstSubfolderSpec = 16;
			files = (
			);
			runOnlyForDeploymentPostprocessing = 0;
		};
/* End PBXCopyFilesBuildPhase section */

/* Begin PBXFileReference section */
		123EF1F3A624E2B250520E23 /* SampleConfig.plist */ = {isa = PBXFileReference; fileEncoding = 4; lastKnownFileType = text.plist; path = SampleConfig.plist; sourceTree = "<group>"; };
		123EF801F3EC3E75D2503DB1 /* GSURLStringTransformerTest.m */ = {isa = PBXFileReference; fileEncoding = 4; lastKnownFileType = sourcecode.c.objc; path = GSURLStringTransformerTest.m; sourceTree = "<group>"; };
		123EF94BE99694A43CA0A7EC /* GSConfigurationLogging.h */ = {isa = PBXFileReference; fileEncoding = 4; lastKnownFileType = sourcecode.c.h; path = GSConfigurationLogging.h; sourceTree = "<group>"; };
		6003F58A195388D20070C39A /* GSConfiguration.app */ = {isa = PBXFileReference; explicitFileType = wrapper.application; includeInIndex = 0; path = GSConfiguration.app; sourceTree = BUILT_PRODUCTS_DIR; };
		6003F58D195388D20070C39A /* Foundation.framework */ = {isa = PBXFileReference; lastKnownFileType = wrapper.framework; name = Foundation.framework; path = System/Library/Frameworks/Foundation.framework; sourceTree = SDKROOT; };
		6003F58F195388D20070C39A /* CoreGraphics.framework */ = {isa = PBXFileReference; lastKnownFileType = wrapper.framework; name = CoreGraphics.framework; path = System/Library/Frameworks/CoreGraphics.framework; sourceTree = SDKROOT; };
		6003F591195388D20070C39A /* UIKit.framework */ = {isa = PBXFileReference; lastKnownFileType = wrapper.framework; name = UIKit.framework; path = System/Library/Frameworks/UIKit.framework; sourceTree = SDKROOT; };
		6003F5BB195388D20070C39A /* GSConfigurationTest.m */ = {isa = PBXFileReference; lastKnownFileType = sourcecode.c.objc; path = GSConfigurationTest.m; sourceTree = "<group>"; };
		E83F79F61A93F3F300200843 /* GSConfiguration.h */ = {isa = PBXFileReference; lastKnownFileType = sourcecode.c.h; path = GSConfiguration.h; sourceTree = "<group>"; };
		E83F79F71A93F3F300200843 /* GSConfiguration.m */ = {isa = PBXFileReference; lastKnownFileType = sourcecode.c.objc; path = GSConfiguration.m; sourceTree = "<group>"; };
		E83F79FA1A93F3F300200843 /* GSConfigurationManager.h */ = {isa = PBXFileReference; lastKnownFileType = sourcecode.c.h; path = GSConfigurationManager.h; sourceTree = "<group>"; };
		E83F79FB1A93F3F300200843 /* GSConfigurationManager.m */ = {isa = PBXFileReference; lastKnownFileType = sourcecode.c.objc; path = GSConfigurationManager.m; sourceTree = "<group>"; };
		E83F79FC1A93F3F300200843 /* GSDictionarySource.h */ = {isa = PBXFileReference; lastKnownFileType = sourcecode.c.h; path = GSDictionarySource.h; sourceTree = "<group>"; };
		E83F79FD1A93F3F300200843 /* GSDictionarySource.m */ = {isa = PBXFileReference; lastKnownFileType = sourcecode.c.objc; path = GSDictionarySource.m; sourceTree = "<group>"; };
		E83F7A001A93F3F300200843 /* GSRemoteSource.h */ = {isa = PBXFileReference; lastKnownFileType = sourcecode.c.h; path = GSRemoteSource.h; sourceTree = "<group>"; };
		E83F7A011A93F3F300200843 /* GSRemoteSource.m */ = {isa = PBXFileReference; lastKnownFileType = sourcecode.c.objc; path = GSRemoteSource.m; sourceTree = "<group>"; };
		E83F7A021A93F3F300200843 /* GSSource.h */ = {isa = PBXFileReference; lastKnownFileType = sourcecode.c.h; path = GSSource.h; sourceTree = "<group>"; };
		E83F7A031A93F3F300200843 /* GSSource.m */ = {isa = PBXFileReference; lastKnownFileType = sourcecode.c.objc; path = GSSource.m; sourceTree = "<group>"; };
		E83F7A041A93F3F300200843 /* GSStore.h */ = {isa = PBXFileReference; lastKnownFileType = sourcecode.c.h; path = GSStore.h; sourceTree = "<group>"; };
		E83F7A071A93F3F300200843 /* GSUserDefaultsStore.h */ = {isa = PBXFileReference; lastKnownFileType = sourcecode.c.h; path = GSUserDefaultsStore.h; sourceTree = "<group>"; };
		E83F7A081A93F3F300200843 /* GSUserDefaultsStore.m */ = {isa = PBXFileReference; lastKnownFileType = sourcecode.c.objc; path = GSUserDefaultsStore.m; sourceTree = "<group>"; };
		E83F7A0A1A93F3F300200843 /* GSURLStringTransformer.h */ = {isa = PBXFileReference; lastKnownFileType = sourcecode.c.h; path = GSURLStringTransformer.h; sourceTree = "<group>"; };
		E83F7A0B1A93F3F300200843 /* GSURLStringTransformer.m */ = {isa = PBXFileReference; lastKnownFileType = sourcecode.c.objc; path = GSURLStringTransformer.m; sourceTree = "<group>"; };
		E83F7A101A93F42E00200843 /* libGSConfiguration-iOS.a */ = {isa = PBXFileReference; explicitFileType = archive.ar; includeInIndex = 0; path = "libGSConfiguration-iOS.a"; sourceTree = BUILT_PRODUCTS_DIR; };
		E83F7A1A1A93F42E00200843 /* GSConfiguration-iOSTests.xctest */ = {isa = PBXFileReference; explicitFileType = wrapper.cfbundle; includeInIndex = 0; path = "GSConfiguration-iOSTests.xctest"; sourceTree = BUILT_PRODUCTS_DIR; };
		E83F7A201A93F42E00200843 /* Info.plist */ = {isa = PBXFileReference; lastKnownFileType = text.plist.xml; name = Info.plist; path = ../Support/Info.plist; sourceTree = "<group>"; };
		E8D8CF3F1A9886EC00944D37 /* GSMARTNSObject.h */ = {isa = PBXFileReference; fileEncoding = 4; lastKnownFileType = sourcecode.c.h; path = GSMARTNSObject.h; sourceTree = "<group>"; };
		E8D8CF401A9886EC00944D37 /* GSMARTNSObject.m */ = {isa = PBXFileReference; fileEncoding = 4; lastKnownFileType = sourcecode.c.objc; path = GSMARTNSObject.m; sourceTree = "<group>"; };
		E8D8CF411A9886EC00944D37 /* GSRTIvar.h */ = {isa = PBXFileReference; fileEncoding = 4; lastKnownFileType = sourcecode.c.h; path = GSRTIvar.h; sourceTree = "<group>"; };
		E8D8CF421A9886EC00944D37 /* GSRTIvar.m */ = {isa = PBXFileReference; fileEncoding = 4; lastKnownFileType = sourcecode.c.objc; path = GSRTIvar.m; sourceTree = "<group>"; };
		E8D8CF431A9886EC00944D37 /* GSRTMethod.h */ = {isa = PBXFileReference; fileEncoding = 4; lastKnownFileType = sourcecode.c.h; path = GSRTMethod.h; sourceTree = "<group>"; };
		E8D8CF441A9886EC00944D37 /* GSRTMethod.m */ = {isa = PBXFileReference; fileEncoding = 4; lastKnownFileType = sourcecode.c.objc; path = GSRTMethod.m; sourceTree = "<group>"; };
		E8D8CF451A9886EC00944D37 /* GSRTProperty.h */ = {isa = PBXFileReference; fileEncoding = 4; lastKnownFileType = sourcecode.c.h; path = GSRTProperty.h; sourceTree = "<group>"; };
		E8D8CF461A9886EC00944D37 /* GSRTProperty.m */ = {isa = PBXFileReference; fileEncoding = 4; lastKnownFileType = sourcecode.c.objc; path = GSRTProperty.m; sourceTree = "<group>"; };
		E8D8CF471A9886EC00944D37 /* GSRTProtocol.h */ = {isa = PBXFileReference; fileEncoding = 4; lastKnownFileType = sourcecode.c.h; path = GSRTProtocol.h; sourceTree = "<group>"; };
		E8D8CF481A9886EC00944D37 /* GSRTProtocol.m */ = {isa = PBXFileReference; fileEncoding = 4; lastKnownFileType = sourcecode.c.objc; path = GSRTProtocol.m; sourceTree = "<group>"; };
		E8D8CF491A9886EC00944D37 /* GSRTUnregisteredClass.h */ = {isa = PBXFileReference; fileEncoding = 4; lastKnownFileType = sourcecode.c.h; path = GSRTUnregisteredClass.h; sourceTree = "<group>"; };
		E8D8CF4A1A9886EC00944D37 /* GSRTUnregisteredClass.m */ = {isa = PBXFileReference; fileEncoding = 4; lastKnownFileType = sourcecode.c.objc; path = GSRTUnregisteredClass.m; sourceTree = "<group>"; };
		E8D8CF4B1A9886EC00944D37 /* LICENSE */ = {isa = PBXFileReference; fileEncoding = 4; lastKnownFileType = text; path = LICENSE; sourceTree = "<group>"; };
/* End PBXFileReference section */

/* Begin PBXFrameworksBuildPhase section */
		E83F7A0D1A93F42E00200843 /* Frameworks */ = {
			isa = PBXFrameworksBuildPhase;
			buildActionMask = 2147483647;
			files = (
			);
			runOnlyForDeploymentPostprocessing = 0;
		};
		E83F7A171A93F42E00200843 /* Frameworks */ = {
			isa = PBXFrameworksBuildPhase;
			buildActionMask = 2147483647;
			files = (
				E83F7A1B1A93F42E00200843 /* libGSConfiguration-iOS.a in Frameworks */,
			);
			runOnlyForDeploymentPostprocessing = 0;
		};
/* End PBXFrameworksBuildPhase section */

/* Begin PBXGroup section */
		6003F581195388D10070C39A = {
			isa = PBXGroup;
			children = (
				E83F7A4D1A93FAD700200843 /* Support */,
				E83F79F31A93F3F300200843 /* GSConfiguration */,
				6003F5B5195388D20070C39A /* Tests */,
				6003F58C195388D20070C39A /* Frameworks */,
				6003F58B195388D20070C39A /* Products */,
			);
			sourceTree = "<group>";
		};
		6003F58B195388D20070C39A /* Products */ = {
			isa = PBXGroup;
			children = (
				6003F58A195388D20070C39A /* GSConfiguration.app */,
				E83F7A101A93F42E00200843 /* libGSConfiguration-iOS.a */,
				E83F7A1A1A93F42E00200843 /* GSConfiguration-iOSTests.xctest */,
			);
			name = Products;
			sourceTree = "<group>";
		};
		6003F58C195388D20070C39A /* Frameworks */ = {
			isa = PBXGroup;
			children = (
				6003F58D195388D20070C39A /* Foundation.framework */,
				6003F58F195388D20070C39A /* CoreGraphics.framework */,
				6003F591195388D20070C39A /* UIKit.framework */,
			);
			name = Frameworks;
			sourceTree = "<group>";
		};
		6003F5B5195388D20070C39A /* Tests */ = {
			isa = PBXGroup;
			children = (
				E83F7A201A93F42E00200843 /* Info.plist */,
				6003F5BB195388D20070C39A /* GSConfigurationTest.m */,
				123EF1F3A624E2B250520E23 /* SampleConfig.plist */,
				123EF801F3EC3E75D2503DB1 /* GSURLStringTransformerTest.m */,
			);
			path = Tests;
			sourceTree = "<group>";
		};
		E83F79F31A93F3F300200843 /* GSConfiguration */ = {
			isa = PBXGroup;
			children = (
				E83F7A3E1A93F82A00200843 /* ThirdParty */,
				E83F79F61A93F3F300200843 /* GSConfiguration.h */,
				E83F79F71A93F3F300200843 /* GSConfiguration.m */,
				E83F79FA1A93F3F300200843 /* GSConfigurationManager.h */,
				E83F79FB1A93F3F300200843 /* GSConfigurationManager.m */,
				E83F79FC1A93F3F300200843 /* GSDictionarySource.h */,
				E83F79FD1A93F3F300200843 /* GSDictionarySource.m */,
				E83F7A001A93F3F300200843 /* GSRemoteSource.h */,
				E83F7A011A93F3F300200843 /* GSRemoteSource.m */,
				E83F7A021A93F3F300200843 /* GSSource.h */,
				E83F7A031A93F3F300200843 /* GSSource.m */,
				E83F7A041A93F3F300200843 /* GSStore.h */,
				E83F7A071A93F3F300200843 /* GSUserDefaultsStore.h */,
				E83F7A081A93F3F300200843 /* GSUserDefaultsStore.m */,
				E83F7A091A93F3F300200843 /* Transformers */,
				123EF94BE99694A43CA0A7EC /* GSConfigurationLogging.h */,
			);
			path = GSConfiguration;
			sourceTree = "<group>";
		};
		E83F7A091A93F3F300200843 /* Transformers */ = {
			isa = PBXGroup;
			children = (
				E83F7A0A1A93F3F300200843 /* GSURLStringTransformer.h */,
				E83F7A0B1A93F3F300200843 /* GSURLStringTransformer.m */,
			);
			path = Transformers;
			sourceTree = "<group>";
		};
		E83F7A3E1A93F82A00200843 /* ThirdParty */ = {
			isa = PBXGroup;
			children = (
				E8D8CF3D1A9886EC00944D37 /* MAObjCRuntime */,
			);
			name = ThirdParty;
			sourceTree = "<group>";
		};
		E83F7A4D1A93FAD700200843 /* Support */ = {
			isa = PBXGroup;
			children = (
			);
			path = Support;
			sourceTree = "<group>";
		};
		E8D8CF3D1A9886EC00944D37 /* MAObjCRuntime */ = {
			isa = PBXGroup;
			children = (
				E8D8CF3F1A9886EC00944D37 /* GSMARTNSObject.h */,
				E8D8CF401A9886EC00944D37 /* GSMARTNSObject.m */,
				E8D8CF411A9886EC00944D37 /* GSRTIvar.h */,
				E8D8CF421A9886EC00944D37 /* GSRTIvar.m */,
				E8D8CF431A9886EC00944D37 /* GSRTMethod.h */,
				E8D8CF441A9886EC00944D37 /* GSRTMethod.m */,
				E8D8CF451A9886EC00944D37 /* GSRTProperty.h */,
				E8D8CF461A9886EC00944D37 /* GSRTProperty.m */,
				E8D8CF471A9886EC00944D37 /* GSRTProtocol.h */,
				E8D8CF481A9886EC00944D37 /* GSRTProtocol.m */,
				E8D8CF491A9886EC00944D37 /* GSRTUnregisteredClass.h */,
				E8D8CF4A1A9886EC00944D37 /* GSRTUnregisteredClass.m */,
				E8D8CF4B1A9886EC00944D37 /* LICENSE */,
			);
			name = MAObjCRuntime;
			path = ThirdParty/MAObjCRuntime;
			sourceTree = "<group>";
		};
/* End PBXGroup section */

/* Begin PBXNativeTarget section */
		E83F7A0F1A93F42E00200843 /* GSConfiguration-iOS */ = {
			isa = PBXNativeTarget;
			buildConfigurationList = E83F7A211A93F42E00200843 /* Build configuration list for PBXNativeTarget "GSConfiguration-iOS" */;
			buildPhases = (
				E83F7A0C1A93F42E00200843 /* Sources */,
				E83F7A0D1A93F42E00200843 /* Frameworks */,
				E83F7A0E1A93F42E00200843 /* CopyFiles */,
			);
			buildRules = (
			);
			dependencies = (
			);
			name = "GSConfiguration-iOS";
			productName = GSConfiguration;
			productReference = E83F7A101A93F42E00200843 /* libGSConfiguration-iOS.a */;
			productType = "com.apple.product-type.library.static";
		};
		E83F7A191A93F42E00200843 /* GSConfiguration-iOSTests */ = {
			isa = PBXNativeTarget;
			buildConfigurationList = E83F7A241A93F42E00200843 /* Build configuration list for PBXNativeTarget "GSConfiguration-iOSTests" */;
			buildPhases = (
				E83F7A161A93F42E00200843 /* Sources */,
				E83F7A171A93F42E00200843 /* Frameworks */,
				E83F7A181A93F42E00200843 /* Resources */,
			);
			buildRules = (
			);
			dependencies = (
				E83F7A1D1A93F42E00200843 /* PBXTargetDependency */,
			);
			name = "GSConfiguration-iOSTests";
			productName = GSConfigurationTests;
			productReference = E83F7A1A1A93F42E00200843 /* GSConfiguration-iOSTests.xctest */;
			productType = "com.apple.product-type.bundle.unit-test";
		};
/* End PBXNativeTarget section */

/* Begin PBXProject section */
		6003F582195388D10070C39A /* Project object */ = {
			isa = PBXProject;
			attributes = {
				CLASSPREFIX = GS;
				LastUpgradeCheck = 0510;
				ORGANIZATIONNAME = "Ryan Brignoni";
				TargetAttributes = {
					E83F7A0F1A93F42E00200843 = {
						CreatedOnToolsVersion = 6.1.1;
					};
					E83F7A191A93F42E00200843 = {
						CreatedOnToolsVersion = 6.1.1;
					};
				};
			};
			buildConfigurationList = 6003F585195388D10070C39A /* Build configuration list for PBXProject "GSConfiguration" */;
			compatibilityVersion = "Xcode 3.2";
			developmentRegion = English;
			hasScannedForEncodings = 0;
			knownRegions = (
				en,
				Base,
			);
			mainGroup = 6003F581195388D10070C39A;
			productRefGroup = 6003F58B195388D20070C39A /* Products */;
			projectDirPath = "";
			projectRoot = "";
			targets = (
				E83F7A0F1A93F42E00200843 /* GSConfiguration-iOS */,
				E83F7A191A93F42E00200843 /* GSConfiguration-iOSTests */,
			);
		};
/* End PBXProject section */

/* Begin PBXResourcesBuildPhase section */
		E83F7A181A93F42E00200843 /* Resources */ = {
			isa = PBXResourcesBuildPhase;
			buildActionMask = 2147483647;
			files = (
				E8FE6E911A97E1FB00A5675F /* SampleConfig.plist in Resources */,
			);
			runOnlyForDeploymentPostprocessing = 0;
		};
/* End PBXResourcesBuildPhase section */

/* Begin PBXSourcesBuildPhase section */
		E83F7A0C1A93F42E00200843 /* Sources */ = {
			isa = PBXSourcesBuildPhase;
			buildActionMask = 2147483647;
			files = (
				E8D8CF4E1A9886EC00944D37 /* GSRTMethod.m in Sources */,
				E83F7A2A1A93F51D00200843 /* GSConfiguration.m in Sources */,
				E8D8CF4C1A9886EC00944D37 /* GSMARTNSObject.m in Sources */,
				E8D8CF501A9886EC00944D37 /* GSRTProtocol.m in Sources */,
				E83F7A2E1A93F51D00200843 /* GSConfigurationManager.m in Sources */,
				E83F7A301A93F51D00200843 /* GSDictionarySource.m in Sources */,
				E83F7A341A93F51D00200843 /* GSRemoteSource.m in Sources */,
				E8D8CF4F1A9886EC00944D37 /* GSRTProperty.m in Sources */,
				E8D8CF511A9886EC00944D37 /* GSRTUnregisteredClass.m in Sources */,
				E83F7A361A93F51D00200843 /* GSSource.m in Sources */,
				E83F7A3B1A93F51D00200843 /* GSUserDefaultsStore.m in Sources */,
				E83F7A3D1A93F51D00200843 /* GSURLStringTransformer.m in Sources */,
				E8D8CF4D1A9886EC00944D37 /* GSRTIvar.m in Sources */,
			);
			runOnlyForDeploymentPostprocessing = 0;
		};
		E83F7A161A93F42E00200843 /* Sources */ = {
			isa = PBXSourcesBuildPhase;
			buildActionMask = 2147483647;
			files = (
				E8FE6E8C1A97DCB100A5675F /* GSURLStringTransformerTest.m in Sources */,
				E83F7A531A94012100200843 /* GSConfigurationTest.m in Sources */,
			);
			runOnlyForDeploymentPostprocessing = 0;
		};
/* End PBXSourcesBuildPhase section */

/* Begin PBXTargetDependency section */
		E83F7A1D1A93F42E00200843 /* PBXTargetDependency */ = {
			isa = PBXTargetDependency;
			target = E83F7A0F1A93F42E00200843 /* GSConfiguration-iOS */;
			targetProxy = E83F7A1C1A93F42E00200843 /* PBXContainerItemProxy */;
		};
/* End PBXTargetDependency section */

/* Begin XCBuildConfiguration section */
		6003F5BD195388D20070C39A /* Debug */ = {
			isa = XCBuildConfiguration;
			buildSettings = {
				ALWAYS_SEARCH_USER_PATHS = NO;
				CLANG_CXX_LANGUAGE_STANDARD = "gnu++0x";
				CLANG_CXX_LIBRARY = "libc++";
				CLANG_ENABLE_MODULES = YES;
				CLANG_ENABLE_OBJC_ARC = YES;
				CLANG_WARN_BOOL_CONVERSION = YES;
				CLANG_WARN_CONSTANT_CONVERSION = YES;
				CLANG_WARN_DIRECT_OBJC_ISA_USAGE = YES_ERROR;
				CLANG_WARN_EMPTY_BODY = YES;
				CLANG_WARN_ENUM_CONVERSION = YES;
				CLANG_WARN_INT_CONVERSION = YES;
				CLANG_WARN_OBJC_ROOT_CLASS = YES_ERROR;
				CLANG_WARN__DUPLICATE_METHOD_MATCH = YES;
				"CODE_SIGN_IDENTITY[sdk=iphoneos*]" = "iPhone Developer";
				COPY_PHASE_STRIP = NO;
				GCC_C_LANGUAGE_STANDARD = gnu99;
				GCC_DYNAMIC_NO_PIC = NO;
				GCC_OPTIMIZATION_LEVEL = 0;
				GCC_PREPROCESSOR_DEFINITIONS = (
					"DEBUG=1",
					"$(inherited)",
				);
				GCC_SYMBOLS_PRIVATE_EXTERN = NO;
				GCC_WARN_64_TO_32_BIT_CONVERSION = YES;
				GCC_WARN_ABOUT_RETURN_TYPE = YES_ERROR;
				GCC_WARN_UNDECLARED_SELECTOR = YES;
				GCC_WARN_UNINITIALIZED_AUTOS = YES_AGGRESSIVE;
				GCC_WARN_UNUSED_FUNCTION = YES;
				GCC_WARN_UNUSED_VARIABLE = YES;
				HEADER_SEARCH_PATHS = (
					"$(inherited)",
					/Applications/Xcode.app/Contents/Developer/Toolchains/XcodeDefault.xctoolchain/usr/include,
					"$(SRCROOT)/GSConfiguration/ThirdParty/**",
				);
				IPHONEOS_DEPLOYMENT_TARGET = 7.1;
				ONLY_ACTIVE_ARCH = YES;
				SDKROOT = iphoneos;
				TARGETED_DEVICE_FAMILY = "1,2";
			};
			name = Debug;
		};
		6003F5BE195388D20070C39A /* Release */ = {
			isa = XCBuildConfiguration;
			buildSettings = {
				ALWAYS_SEARCH_USER_PATHS = NO;
				CLANG_CXX_LANGUAGE_STANDARD = "gnu++0x";
				CLANG_CXX_LIBRARY = "libc++";
				CLANG_ENABLE_MODULES = YES;
				CLANG_ENABLE_OBJC_ARC = YES;
				CLANG_WARN_BOOL_CONVERSION = YES;
				CLANG_WARN_CONSTANT_CONVERSION = YES;
				CLANG_WARN_DIRECT_OBJC_ISA_USAGE = YES_ERROR;
				CLANG_WARN_EMPTY_BODY = YES;
				CLANG_WARN_ENUM_CONVERSION = YES;
				CLANG_WARN_INT_CONVERSION = YES;
				CLANG_WARN_OBJC_ROOT_CLASS = YES_ERROR;
				CLANG_WARN__DUPLICATE_METHOD_MATCH = YES;
				"CODE_SIGN_IDENTITY[sdk=iphoneos*]" = "iPhone Developer";
				COPY_PHASE_STRIP = YES;
				ENABLE_NS_ASSERTIONS = NO;
				GCC_C_LANGUAGE_STANDARD = gnu99;
				GCC_WARN_64_TO_32_BIT_CONVERSION = YES;
				GCC_WARN_ABOUT_RETURN_TYPE = YES_ERROR;
				GCC_WARN_UNDECLARED_SELECTOR = YES;
				GCC_WARN_UNINITIALIZED_AUTOS = YES_AGGRESSIVE;
				GCC_WARN_UNUSED_FUNCTION = YES;
				GCC_WARN_UNUSED_VARIABLE = YES;
				HEADER_SEARCH_PATHS = (
					"$(inherited)",
					/Applications/Xcode.app/Contents/Developer/Toolchains/XcodeDefault.xctoolchain/usr/include,
					"$(SRCROOT)/GSConfiguration/ThirdParty/**",
				);
				IPHONEOS_DEPLOYMENT_TARGET = 7.1;
				SDKROOT = iphoneos;
				TARGETED_DEVICE_FAMILY = "1,2";
				VALIDATE_PRODUCT = YES;
			};
			name = Release;
		};
		E83F7A221A93F42E00200843 /* Debug */ = {
			isa = XCBuildConfiguration;
			buildSettings = {
				CLANG_WARN_UNREACHABLE_CODE = YES;
				ENABLE_STRICT_OBJC_MSGSEND = YES;
				GCC_PRECOMPILE_PREFIX_HEADER = NO;
				GCC_PREPROCESSOR_DEFINITIONS = (
					"DEBUG=1",
					"$(inherited)",
				);
				IPHONEOS_DEPLOYMENT_TARGET = 8.1;
				MTL_ENABLE_DEBUG_INFO = YES;
				OTHER_LDFLAGS = (
					"-ObjC",
					"-all_load",
				);
				PRODUCT_NAME = "GSConfiguration-iOS";
				SKIP_INSTALL = YES;
			};
			name = Debug;
		};
		E83F7A231A93F42E00200843 /* Release */ = {
			isa = XCBuildConfiguration;
			buildSettings = {
				CLANG_WARN_UNREACHABLE_CODE = YES;
				ENABLE_STRICT_OBJC_MSGSEND = YES;
				GCC_PRECOMPILE_PREFIX_HEADER = NO;
				IPHONEOS_DEPLOYMENT_TARGET = 8.1;
				MTL_ENABLE_DEBUG_INFO = NO;
				OTHER_LDFLAGS = (
					"-ObjC",
					"-all_load",
				);
				PRODUCT_NAME = "GSConfiguration-iOS";
				SKIP_INSTALL = YES;
			};
			name = Release;
		};
		E83F7A251A93F42E00200843 /* Debug */ = {
			isa = XCBuildConfiguration;
			buildSettings = {
				CLANG_WARN_UNREACHABLE_CODE = YES;
				ENABLE_STRICT_OBJC_MSGSEND = YES;
				FRAMEWORK_SEARCH_PATHS = (
					"$(SDKROOT)/Developer/Library/Frameworks",
					"$(inherited)",
				);
				GCC_PREPROCESSOR_DEFINITIONS = (
					"DEBUG=1",
					"$(inherited)",
				);
				INFOPLIST_FILE = Support/Info.plist;
				IPHONEOS_DEPLOYMENT_TARGET = 8.1;
				LD_RUNPATH_SEARCH_PATHS = "$(inherited) @executable_path/Frameworks @loader_path/Frameworks";
				MTL_ENABLE_DEBUG_INFO = YES;
				OTHER_LDFLAGS = (
					"$(inherited)",
					"-framework",
					XCTest,
					"-ObjC",
				);
				PRODUCT_NAME = "GSConfiguration-iOSTests";
			};
			name = Debug;
		};
		E83F7A261A93F42E00200843 /* Release */ = {
			isa = XCBuildConfiguration;
			buildSettings = {
				CLANG_WARN_UNREACHABLE_CODE = YES;
				ENABLE_STRICT_OBJC_MSGSEND = YES;
				FRAMEWORK_SEARCH_PATHS = (
					"$(SDKROOT)/Developer/Library/Frameworks",
					"$(inherited)",
				);
				INFOPLIST_FILE = Support/Info.plist;
				IPHONEOS_DEPLOYMENT_TARGET = 8.1;
				LD_RUNPATH_SEARCH_PATHS = "$(inherited) @executable_path/Frameworks @loader_path/Frameworks";
				MTL_ENABLE_DEBUG_INFO = NO;
				OTHER_LDFLAGS = (
					"$(inherited)",
					"-framework",
					XCTest,
					"-ObjC",
				);
				PRODUCT_NAME = "GSConfiguration-iOSTests";
			};
			name = Release;
		};
/* End XCBuildConfiguration section */

/* Begin XCConfigurationList section */
		6003F585195388D10070C39A /* Build configuration list for PBXProject "GSConfiguration" */ = {
			isa = XCConfigurationList;
			buildConfigurations = (
				6003F5BD195388D20070C39A /* Debug */,
				6003F5BE195388D20070C39A /* Release */,
			);
			defaultConfigurationIsVisible = 0;
			defaultConfigurationName = Release;
		};
		E83F7A211A93F42E00200843 /* Build configuration list for PBXNativeTarget "GSConfiguration-iOS" */ = {
			isa = XCConfigurationList;
			buildConfigurations = (
				E83F7A221A93F42E00200843 /* Debug */,
				E83F7A231A93F42E00200843 /* Release */,
			);
			defaultConfigurationIsVisible = 0;
			defaultConfigurationName = Release;
		};
		E83F7A241A93F42E00200843 /* Build configuration list for PBXNativeTarget "GSConfiguration-iOSTests" */ = {
			isa = XCConfigurationList;
			buildConfigurations = (
				E83F7A251A93F42E00200843 /* Debug */,
				E83F7A261A93F42E00200843 /* Release */,
			);
			defaultConfigurationIsVisible = 0;
			defaultConfigurationName = Release;
		};
/* End XCConfigurationList section */
	};
	rootObject = 6003F582195388D10070C39A /* Project object */;
}
